
Microsoft Visual Studio Solution File, Format Version 12.00
# Visual Studio Version 17
VisualStudioVersion = 17.7.34031.279
MinimumVisualStudioVersion = 10.0.40219.1
Project("{FAE04EC0-301F-11D3-BF4B-00C04F79EFBC}") = "MegaDesk-Willits", "MegaDesk-Willits.csproj", "{8CD24CF4-0529-4E09-95D3-274E06C6E155}"
EndProject
Global
	GlobalSection(SolutionConfigurationPlatforms) = preSolution
		Debug|Any CPU = Debug|Any CPU
		Release|Any CPU = Release|Any CPU
	EndGlobalSection
	GlobalSection(ProjectConfigurationPlatforms) = postSolution
		{8CD24CF4-0529-4E09-95D3-274E06C6E155}.Debug|Any CPU.ActiveCfg = Debug|Any CPU
		{8CD24CF4-0529-4E09-95D3-274E06C6E155}.Debug|Any CPU.Build.0 = Debug|Any CPU
		{8CD24CF4-0529-4E09-95D3-274E06C6E155}.Release|Any CPU.ActiveCfg = Release|Any CPU
		{8CD24CF4-0529-4E09-95D3-274E06C6E155}.Release|Any CPU.Build.0 = Release|Any CPU
	EndGlobalSection
	GlobalSection(SolutionProperties) = preSolution
		HideSolutionNode = FALSE
	EndGlobalSection
	GlobalSection(ExtensibilityGlobals) = postSolution
		SolutionGuid = {CAEF2764-58D6-47F0-9DB2-6DB298CEFDD0}
	EndGlobalSection
EndGlobal
